{
  "nodes": {
    "nix-filter": {
      "locked": {
        "lastModified": 1701697642,
        "narHash": "sha256-L217WytWZHSY8GW9Gx1A64OnNctbuDbfslaTEofXXRw=",
        "owner": "numtide",
        "repo": "nix-filter",
        "rev": "c843418ecfd0344ecb85844b082ff5675e02c443",
        "type": "github"
      },
      "original": {
        "owner": "numtide",
        "repo": "nix-filter",
        "type": "github"
      }
    },
    "nixpkgs": {
      "locked": {
        "lastModified": 1702221085,
        "narHash": "sha256-Br3GCSkkvkmw46cT6wCz6ro2H1WgDMWbKE0qctbdtL0=",
        "owner": "nixos",
        "repo": "nixpkgs",
        "rev": "c2786e7084cbad90b4f9472d5b5e35ecb57958af",
        "type": "github"
      },
      "original": {
        "owner": "nixos",
        "ref": "nixos-23.05",
        "repo": "nixpkgs",
        "type": "github"
      }
    },
    "root": {
      "inputs": {
        "nix-filter": "nix-filter",
        "nixpkgs": "nixpkgs"
      }
    }
  },
  "root": "root",
  "version": 7
}
