{
  "name": "pitou",
  "version": "0.0.1",
  "lockfileVersion": 3,
  "requires": true,
  "packages": {
    "": {
      "name": "pitou",
      "version": "0.0.1",
      "dependencies": {
        "fp-ts": "^2.16.0",
        "ts-pattern": "^5.0.1"
      },
      "devDependencies": {
        "bun-types": "^0.5.0"
      },
      "peerDependencies": {
        "typescript": "^5.0.0"
      }
    },
    "node_modules/bun-types": {
      "version": "0.5.8",
      "resolved": "https://registry.npmjs.org/bun-types/-/bun-types-0.5.8.tgz",
      "integrity": "sha512-VHwD0MAHo3wraYAeqTWH2NDmXOdGfC3wWWOnZvK93ytI6yq/LkgsCjDudWNmN7MlfPvJb2zoLMnkzhjxNwLsLw==",
      "dev": true
    },
    "node_modules/fp-ts": {
      "version": "2.16.0",
      "resolved": "https://registry.npmjs.org/fp-ts/-/fp-ts-2.16.0.tgz",
      "integrity": "sha512-bLq+KgbiXdTEoT1zcARrWEpa5z6A/8b7PcDW7Gef3NSisQ+VS7ll2Xbf1E+xsgik0rWub/8u0qP/iTTjj+PhxQ=="
    },
    "node_modules/ts-pattern": {
      "version": "5.0.1",
      "resolved": "https://registry.npmjs.org/ts-pattern/-/ts-pattern-5.0.1.tgz",
      "integrity": "sha512-ZyNm28Lsg34Co5DS3e9DVyjlX2Y+2exkI4jqTKyU+9/OL6Y2fKOOuL8i+7no71o74C6mVS+UFoP3ekM3iCT1HQ=="
    },
    "node_modules/typescript": {
      "version": "5.1.6",
      "resolved": "https://registry.npmjs.org/typescript/-/typescript-5.1.6.tgz",
      "integrity": "sha512-zaWCozRZ6DLEWAWFrVDz1H6FVXzUSfTy5FUMWsQlU8Ym5JP9eO4xkTIROFCQvhQf61z6O/G6ugw3SgAnvvm+HA==",
      "peer": true,
      "bin": {
        "tsc": "bin/tsc",
        "tsserver": "bin/tsserver"
      },
      "engines": {
        "node": ">=14.17"
      }
    }
  }
}
