{
  "name": "pitou",
  "lockfileVersion": 3,
  "requires": true,
  "packages": {
    "": {
      "name": "pitou",
      "dependencies": {
        "assert-never": "^1.2.1",
        "fp-ts": "^2.16.0",
        "io-ts": "^2.2.20",
        "spectacles-ts": "^1.0.7"
      },
      "devDependencies": {
        "bun-types": "^0.5.0"
      },
      "peerDependencies": {
        "typescript": "^5.0.0"
      }
    },
    "node_modules/assert-never": {
      "version": "1.2.1",
      "resolved": "https://registry.npmjs.org/assert-never/-/assert-never-1.2.1.tgz",
      "integrity": "sha512-TaTivMB6pYI1kXwrFlEhLeGfOqoDNdTxjCdwRfFFkEA30Eu+k48W34nlok2EYWJfFFzqaEmichdNM7th6M5HNw=="
    },
    "node_modules/bun-types": {
      "version": "0.5.8",
      "resolved": "https://registry.npmjs.org/bun-types/-/bun-types-0.5.8.tgz",
      "integrity": "sha512-VHwD0MAHo3wraYAeqTWH2NDmXOdGfC3wWWOnZvK93ytI6yq/LkgsCjDudWNmN7MlfPvJb2zoLMnkzhjxNwLsLw==",
      "dev": true
    },
    "node_modules/fp-ts": {
      "version": "2.16.0",
      "resolved": "https://registry.npmjs.org/fp-ts/-/fp-ts-2.16.0.tgz",
      "integrity": "sha512-bLq+KgbiXdTEoT1zcARrWEpa5z6A/8b7PcDW7Gef3NSisQ+VS7ll2Xbf1E+xsgik0rWub/8u0qP/iTTjj+PhxQ=="
    },
    "node_modules/io-ts": {
      "version": "2.2.20",
      "resolved": "https://registry.npmjs.org/io-ts/-/io-ts-2.2.20.tgz",
      "integrity": "sha512-Rq2BsYmtwS5vVttie4rqrOCIfHCS9TgpRLFpKQCM1wZBBRY9nWVGmEvm2FnDbSE2un1UE39DvFpTR5UL47YDcA==",
      "peerDependencies": {
        "fp-ts": "^2.5.0"
      }
    },
    "node_modules/monocle-ts": {
      "version": "2.3.13",
      "resolved": "https://registry.npmjs.org/monocle-ts/-/monocle-ts-2.3.13.tgz",
      "integrity": "sha512-D5Ygd3oulEoAm3KuGO0eeJIrhFf1jlQIoEVV2DYsZUMz42j4tGxgct97Aq68+F8w4w4geEnwFa8HayTS/7lpKQ==",
      "peerDependencies": {
        "fp-ts": "^2.5.0"
      }
    },
    "node_modules/spectacles-ts": {
      "version": "1.0.7",
      "resolved": "https://registry.npmjs.org/spectacles-ts/-/spectacles-ts-1.0.7.tgz",
      "integrity": "sha512-oOqSAbamG/JEJy2UDh1Mz5HB+WVKXyOiG6yZP3G1YuA/oXwITACaWt6e/rRu09E5W/3fpsT3YUQysVX9eXe8SA==",
      "dependencies": {
        "monocle-ts": "^2.3.5"
      },
      "peerDependencies": {
        "fp-ts": "^2.11.1"
      }
    },
    "node_modules/typescript": {
      "version": "5.1.6",
      "resolved": "https://registry.npmjs.org/typescript/-/typescript-5.1.6.tgz",
      "integrity": "sha512-zaWCozRZ6DLEWAWFrVDz1H6FVXzUSfTy5FUMWsQlU8Ym5JP9eO4xkTIROFCQvhQf61z6O/G6ugw3SgAnvvm+HA==",
      "peer": true,
      "bin": {
        "tsc": "bin/tsc",
        "tsserver": "bin/tsserver"
      },
      "engines": {
        "node": ">=14.17"
      }
    }
  }
}
