{
  "name": "pitou",
  "version": "0.0.1",
  "lockfileVersion": 3,
  "requires": true,
  "packages": {
    "": {
      "name": "pitou",
      "version": "0.0.1",
      "dependencies": {
        "web-tree-sitter": "^0.20.8"
      },
      "devDependencies": {
        "bun-types": "^0.5.0",
        "tree-sitter-javascript": "^0.19.0"
      }
    },
    "node_modules/bun-types": {
      "version": "0.5.8",
      "resolved": "https://registry.npmjs.org/bun-types/-/bun-types-0.5.8.tgz",
      "integrity": "sha512-VHwD0MAHo3wraYAeqTWH2NDmXOdGfC3wWWOnZvK93ytI6yq/LkgsCjDudWNmN7MlfPvJb2zoLMnkzhjxNwLsLw==",
      "dev": true
    },
    "node_modules/nan": {
      "version": "2.17.0",
      "resolved": "https://registry.npmjs.org/nan/-/nan-2.17.0.tgz",
      "integrity": "sha512-2ZTgtl0nJsO0KQCjEpxcIr5D+Yv90plTitZt9JBfQvVJDS5seMl3FOvsh3+9CoYWXf/1l5OaZzzF6nDm4cagaQ==",
      "dev": true
    },
    "node_modules/tree-sitter-javascript": {
      "version": "0.19.0",
      "resolved": "https://registry.npmjs.org/tree-sitter-javascript/-/tree-sitter-javascript-0.19.0.tgz",
      "integrity": "sha512-SNykDdNgmlJZhX02ZIu0TQF9P7t847jV7769SxA9XrZ2QXjofQsVTMEi9+LpXZKsI0UoFYI25FnZm3fFm0z2yw==",
      "dev": true,
      "hasInstallScript": true,
      "dependencies": {
        "nan": "^2.12.1"
      }
    },
    "node_modules/web-tree-sitter": {
      "version": "0.20.8",
      "resolved": "https://registry.npmjs.org/web-tree-sitter/-/web-tree-sitter-0.20.8.tgz",
      "integrity": "sha512-weOVgZ3aAARgdnb220GqYuh7+rZU0Ka9k9yfKtGAzEYMa6GgiCzW9JjQRJyCJakvibQW+dfjJdihjInKuuCAUQ=="
    }
  }
}
